
Microsoft Visual Studio Solution File, Format Version 12.00
# Visual Studio Version 17
VisualStudioVersion = 17.8.34511.84
MinimumVisualStudioVersion = 10.0.40219.1
Project("{9A19103F-16F7-4668-BE54-9A1E7A4F7556}") = "LCHazardsOutside", "LCLandmineOutside\LCHazardsOutside.csproj", "{37D46F81-33BF-4D3F-ADD0-6F1534843895}"
EndProject
Global
	GlobalSection(SolutionConfigurationPlatforms) = preSolution
		Debug|Any CPU = Debug|Any CPU
		Release|Any CPU = Release|Any CPU
	EndGlobalSection
	GlobalSection(ProjectConfigurationPlatforms) = postSolution
		{37D46F81-33BF-4D3F-ADD0-6F1534843895}.Debug|Any CPU.ActiveCfg = Debug|Any CPU
		{37D46F81-33BF-4D3F-ADD0-6F1534843895}.Debug|Any CPU.Build.0 = Debug|Any CPU
		{37D46F81-33BF-4D3F-ADD0-6F1534843895}.Release|Any CPU.ActiveCfg = Release|Any CPU
		{37D46F81-33BF-4D3F-ADD0-6F1534843895}.Release|Any CPU.Build.0 = Release|Any CPU
	EndGlobalSection
	GlobalSection(SolutionProperties) = preSolution
		HideSolutionNode = FALSE
	EndGlobalSection
	GlobalSection(ExtensibilityGlobals) = postSolution
		SolutionGuid = {145DEDD9-5000-4D9A-8916-EF58C65C53E7}
	EndGlobalSection
EndGlobal
